
Microsoft Visual Studio Solution File, Format Version 12.00
# Visual Studio 2012
Project("{FAE04EC0-301F-11D3-BF4B-00C04F79EFBC}") = "Box.V2", "Box.V2\Box.V2.csproj", "{740075F5-8B88-4B8A-A75A-564F66359607}"
EndProject
Project("{FAE04EC0-301F-11D3-BF4B-00C04F79EFBC}") = "Box.V2.W8", "Box.V2.W8\Box.V2.W8.csproj", "{65C53203-3B2D-4CFB-B594-8587A4EDB652}"
EndProject
Project("{FAE04EC0-301F-11D3-BF4B-00C04F79EFBC}") = "Box.V2.WP", "Box.V2.WP\Box.V2.WP.csproj", "{2484AF62-7043-4FE2-8D8B-A552964303F0}"
EndProject
Project("{FAE04EC0-301F-11D3-BF4B-00C04F79EFBC}") = "Box.V2.Test", "Box.V2.Test\Box.V2.Test.csproj", "{AA6B9D70-9314-43F8-A21D-773C814ED54E}"
EndProject
Global
	GlobalSection(SolutionConfigurationPlatforms) = preSolution
		Debug|Any CPU = Debug|Any CPU
		Debug|ARM = Debug|ARM
		Debug|x64 = Debug|x64
		Debug|x86 = Debug|x86
		Release|Any CPU = Release|Any CPU
		Release|ARM = Release|ARM
		Release|x64 = Release|x64
		Release|x86 = Release|x86
	EndGlobalSection
	GlobalSection(ProjectConfigurationPlatforms) = postSolution
		{740075F5-8B88-4B8A-A75A-564F66359607}.Debug|Any CPU.ActiveCfg = Debug|Any CPU
		{740075F5-8B88-4B8A-A75A-564F66359607}.Debug|Any CPU.Build.0 = Debug|Any CPU
		{740075F5-8B88-4B8A-A75A-564F66359607}.Debug|ARM.ActiveCfg = Debug|Any CPU
		{740075F5-8B88-4B8A-A75A-564F66359607}.Debug|x64.ActiveCfg = Debug|Any CPU
		{740075F5-8B88-4B8A-A75A-564F66359607}.Debug|x86.ActiveCfg = Debug|Any CPU
		{740075F5-8B88-4B8A-A75A-564F66359607}.Release|Any CPU.ActiveCfg = Release|Any CPU
		{740075F5-8B88-4B8A-A75A-564F66359607}.Release|Any CPU.Build.0 = Release|Any CPU
		{740075F5-8B88-4B8A-A75A-564F66359607}.Release|ARM.ActiveCfg = Release|Any CPU
		{740075F5-8B88-4B8A-A75A-564F66359607}.Release|x64.ActiveCfg = Release|Any CPU
		{740075F5-8B88-4B8A-A75A-564F66359607}.Release|x86.ActiveCfg = Release|Any CPU
		{65C53203-3B2D-4CFB-B594-8587A4EDB652}.Debug|Any CPU.ActiveCfg = Debug|Any CPU
		{65C53203-3B2D-4CFB-B594-8587A4EDB652}.Debug|Any CPU.Build.0 = Debug|Any CPU
		{65C53203-3B2D-4CFB-B594-8587A4EDB652}.Debug|Any CPU.Deploy.0 = Debug|Any CPU
		{65C53203-3B2D-4CFB-B594-8587A4EDB652}.Debug|ARM.ActiveCfg = Debug|ARM
		{65C53203-3B2D-4CFB-B594-8587A4EDB652}.Debug|ARM.Build.0 = Debug|ARM
		{65C53203-3B2D-4CFB-B594-8587A4EDB652}.Debug|ARM.Deploy.0 = Debug|ARM
		{65C53203-3B2D-4CFB-B594-8587A4EDB652}.Debug|x64.ActiveCfg = Debug|x64
		{65C53203-3B2D-4CFB-B594-8587A4EDB652}.Debug|x64.Build.0 = Debug|x64
		{65C53203-3B2D-4CFB-B594-8587A4EDB652}.Debug|x64.Deploy.0 = Debug|x64
		{65C53203-3B2D-4CFB-B594-8587A4EDB652}.Debug|x86.ActiveCfg = Debug|x86
		{65C53203-3B2D-4CFB-B594-8587A4EDB652}.Debug|x86.Build.0 = Debug|x86
		{65C53203-3B2D-4CFB-B594-8587A4EDB652}.Debug|x86.Deploy.0 = Debug|x86
		{65C53203-3B2D-4CFB-B594-8587A4EDB652}.Release|Any CPU.ActiveCfg = Release|Any CPU
		{65C53203-3B2D-4CFB-B594-8587A4EDB652}.Release|Any CPU.Build.0 = Release|Any CPU
		{65C53203-3B2D-4CFB-B594-8587A4EDB652}.Release|Any CPU.Deploy.0 = Release|Any CPU
		{65C53203-3B2D-4CFB-B594-8587A4EDB652}.Release|ARM.ActiveCfg = Release|ARM
		{65C53203-3B2D-4CFB-B594-8587A4EDB652}.Release|ARM.Build.0 = Release|ARM
		{65C53203-3B2D-4CFB-B594-8587A4EDB652}.Release|ARM.Deploy.0 = Release|ARM
		{65C53203-3B2D-4CFB-B594-8587A4EDB652}.Release|x64.ActiveCfg = Release|x64
		{65C53203-3B2D-4CFB-B594-8587A4EDB652}.Release|x64.Build.0 = Release|x64
		{65C53203-3B2D-4CFB-B594-8587A4EDB652}.Release|x64.Deploy.0 = Release|x64
		{65C53203-3B2D-4CFB-B594-8587A4EDB652}.Release|x86.ActiveCfg = Release|x86
		{65C53203-3B2D-4CFB-B594-8587A4EDB652}.Release|x86.Build.0 = Release|x86
		{65C53203-3B2D-4CFB-B594-8587A4EDB652}.Release|x86.Deploy.0 = Release|x86
		{2484AF62-7043-4FE2-8D8B-A552964303F0}.Debug|Any CPU.ActiveCfg = Debug|Any CPU
		{2484AF62-7043-4FE2-8D8B-A552964303F0}.Debug|Any CPU.Build.0 = Debug|Any CPU
		{2484AF62-7043-4FE2-8D8B-A552964303F0}.Debug|Any CPU.Deploy.0 = Debug|Any CPU
		{2484AF62-7043-4FE2-8D8B-A552964303F0}.Debug|ARM.ActiveCfg = Debug|ARM
		{2484AF62-7043-4FE2-8D8B-A552964303F0}.Debug|ARM.Build.0 = Debug|ARM
		{2484AF62-7043-4FE2-8D8B-A552964303F0}.Debug|ARM.Deploy.0 = Debug|ARM
		{2484AF62-7043-4FE2-8D8B-A552964303F0}.Debug|x64.ActiveCfg = Debug|Any CPU
		{2484AF62-7043-4FE2-8D8B-A552964303F0}.Debug|x86.ActiveCfg = Debug|x86
		{2484AF62-7043-4FE2-8D8B-A552964303F0}.Debug|x86.Build.0 = Debug|x86
		{2484AF62-7043-4FE2-8D8B-A552964303F0}.Debug|x86.Deploy.0 = Debug|x86
		{2484AF62-7043-4FE2-8D8B-A552964303F0}.Release|Any CPU.ActiveCfg = Release|Any CPU
		{2484AF62-7043-4FE2-8D8B-A552964303F0}.Release|Any CPU.Build.0 = Release|Any CPU
		{2484AF62-7043-4FE2-8D8B-A552964303F0}.Release|Any CPU.Deploy.0 = Release|Any CPU
		{2484AF62-7043-4FE2-8D8B-A552964303F0}.Release|ARM.ActiveCfg = Release|ARM
		{2484AF62-7043-4FE2-8D8B-A552964303F0}.Release|ARM.Build.0 = Release|ARM
		{2484AF62-7043-4FE2-8D8B-A552964303F0}.Release|ARM.Deploy.0 = Release|ARM
		{2484AF62-7043-4FE2-8D8B-A552964303F0}.Release|x64.ActiveCfg = Release|Any CPU
		{2484AF62-7043-4FE2-8D8B-A552964303F0}.Release|x86.ActiveCfg = Release|x86
		{2484AF62-7043-4FE2-8D8B-A552964303F0}.Release|x86.Build.0 = Release|x86
		{2484AF62-7043-4FE2-8D8B-A552964303F0}.Release|x86.Deploy.0 = Release|x86
		{AA6B9D70-9314-43F8-A21D-773C814ED54E}.Debug|Any CPU.ActiveCfg = Debug|Any CPU
		{AA6B9D70-9314-43F8-A21D-773C814ED54E}.Debug|Any CPU.Build.0 = Debug|Any CPU
		{AA6B9D70-9314-43F8-A21D-773C814ED54E}.Debug|ARM.ActiveCfg = Debug|Any CPU
		{AA6B9D70-9314-43F8-A21D-773C814ED54E}.Debug|x64.ActiveCfg = Debug|Any CPU
		{AA6B9D70-9314-43F8-A21D-773C814ED54E}.Debug|x86.ActiveCfg = Debug|Any CPU
		{AA6B9D70-9314-43F8-A21D-773C814ED54E}.Release|Any CPU.ActiveCfg = Release|Any CPU
		{AA6B9D70-9314-43F8-A21D-773C814ED54E}.Release|Any CPU.Build.0 = Release|Any CPU
		{AA6B9D70-9314-43F8-A21D-773C814ED54E}.Release|ARM.ActiveCfg = Release|Any CPU
		{AA6B9D70-9314-43F8-A21D-773C814ED54E}.Release|x64.ActiveCfg = Release|Any CPU
		{AA6B9D70-9314-43F8-A21D-773C814ED54E}.Release|x86.ActiveCfg = Release|Any CPU
	EndGlobalSection
	GlobalSection(SolutionProperties) = preSolution
		HideSolutionNode = FALSE
	EndGlobalSection
EndGlobal
