
Microsoft Visual Studio Solution File, Format Version 12.00
# Visual Studio Version 16
VisualStudioVersion = 16.0.31229.75
MinimumVisualStudioVersion = 10.0.40219.1
Project("{2150E333-8FDC-42A3-9474-1A3956D46DE8}") = "SDK", "SDK", "{A5BC8AA0-5191-4B1D-845F-B4F0BD0287A4}"
EndProject
Project("{2150E333-8FDC-42A3-9474-1A3956D46DE8}") = "Test", "Test", "{5E724E70-EFFA-48E7-A539-F341E7E7CE30}"
EndProject
Project("{2150E333-8FDC-42A3-9474-1A3956D46DE8}") = "SDK Samples", "SDK Samples", "{1F66A59A-7F58-43B6-81FA-3EA5EB40C764}"
EndProject
Project("{9A19103F-16F7-4668-BE54-9A1E7A4F7556}") = "Box.V2.Test", "Box.V2.Test\Box.V2.Test.csproj", "{AA6B9D70-9314-43F8-A21D-773C814ED54E}"
EndProject
Project("{FAE04EC0-301F-11D3-BF4B-00C04F79EFBC}") = "Box.V2.Samples.JWTAuth", "Box.V2.Samples.JWTAuth\Box.V2.Samples.JWTAuth.csproj", "{D76E28A5-E9A4-4810-82E0-101F2B0C45B0}"
EndProject
Project("{FAE04EC0-301F-11D3-BF4B-00C04F79EFBC}") = "Box.V2.Samples.TransactionalAuth", "Box.V2.Samples.TransactionalAuth\Box.V2.Samples.TransactionalAuth.csproj", "{3438C884-06FE-4F94-A4DF-6DA024EB2B2D}"
EndProject
Project("{9A19103F-16F7-4668-BE54-9A1E7A4F7556}") = "Box.V2.Core", "Box.V2.Core\Box.V2.Core.csproj", "{CF62B2C3-4A2C-4C3F-821F-0CB89DE6CF62}"
EndProject
Project("{9A19103F-16F7-4668-BE54-9A1E7A4F7556}") = "Box.V2.Samples.Core.File.Upload", "Box.V2.Samples.Core.File.Upload\Box.V2.Samples.Core.File.Upload.csproj", "{B6646429-8CD9-412E-937D-BD5862B80CB4}"
EndProject
Project("{9A19103F-16F7-4668-BE54-9A1E7A4F7556}") = "Box.V2.Samples.Core.AppUser.Create", "Box.V2.Samples.Core.AppUser.Create\Box.V2.Samples.Core.AppUser.Create.csproj", "{EB890C3A-311C-4140-B24C-863B9C8595A7}"
EndProject
Project("{FAE04EC0-301F-11D3-BF4B-00C04F79EFBC}") = "Box.V2", "Box.V2\Box.V2.csproj", "{602FF1B8-DF8B-4CFF-88C6-8B34468C45AD}"
EndProject
Project("{9A19103F-16F7-4668-BE54-9A1E7A4F7556}") = "Box.V2.Samples.Core.HttpProxy", "Box.V2.Samples.Core.HttpProxy\Box.V2.Samples.Core.HttpProxy.csproj", "{3CE48886-2A12-4DEB-874B-D2E3511A4F6A}"
EndProject
Project("{9A19103F-16F7-4668-BE54-9A1E7A4F7556}") = "Box.V2.Test.Integration", "Box.V2.Test.Integration\Box.V2.Test.Integration.csproj", "{C907EB1B-1654-48E5-AEB2-AF8D968F1B93}"
EndProject
Global
	GlobalSection(SolutionConfigurationPlatforms) = preSolution
		Debug|Any CPU = Debug|Any CPU
		Debug|ARM = Debug|ARM
		Debug|x64 = Debug|x64
		Debug|x86 = Debug|x86
		Release|Any CPU = Release|Any CPU
		Release|ARM = Release|ARM
		Release|x64 = Release|x64
		Release|x86 = Release|x86
	EndGlobalSection
	GlobalSection(ProjectConfigurationPlatforms) = postSolution
		{AA6B9D70-9314-43F8-A21D-773C814ED54E}.Debug|Any CPU.ActiveCfg = Debug|Any CPU
		{AA6B9D70-9314-43F8-A21D-773C814ED54E}.Debug|Any CPU.Build.0 = Debug|Any CPU
		{AA6B9D70-9314-43F8-A21D-773C814ED54E}.Debug|ARM.ActiveCfg = Debug|Any CPU
		{AA6B9D70-9314-43F8-A21D-773C814ED54E}.Debug|x64.ActiveCfg = Debug|Any CPU
		{AA6B9D70-9314-43F8-A21D-773C814ED54E}.Debug|x86.ActiveCfg = Debug|Any CPU
		{AA6B9D70-9314-43F8-A21D-773C814ED54E}.Release|Any CPU.ActiveCfg = Release|Any CPU
		{AA6B9D70-9314-43F8-A21D-773C814ED54E}.Release|Any CPU.Build.0 = Release|Any CPU
		{AA6B9D70-9314-43F8-A21D-773C814ED54E}.Release|ARM.ActiveCfg = Release|Any CPU
		{AA6B9D70-9314-43F8-A21D-773C814ED54E}.Release|x64.ActiveCfg = Release|Any CPU
		{AA6B9D70-9314-43F8-A21D-773C814ED54E}.Release|x86.ActiveCfg = Release|Any CPU
		{D76E28A5-E9A4-4810-82E0-101F2B0C45B0}.Debug|Any CPU.ActiveCfg = Debug|Any CPU
		{D76E28A5-E9A4-4810-82E0-101F2B0C45B0}.Debug|Any CPU.Build.0 = Debug|Any CPU
		{D76E28A5-E9A4-4810-82E0-101F2B0C45B0}.Debug|ARM.ActiveCfg = Debug|Any CPU
		{D76E28A5-E9A4-4810-82E0-101F2B0C45B0}.Debug|ARM.Build.0 = Debug|Any CPU
		{D76E28A5-E9A4-4810-82E0-101F2B0C45B0}.Debug|x64.ActiveCfg = Debug|Any CPU
		{D76E28A5-E9A4-4810-82E0-101F2B0C45B0}.Debug|x64.Build.0 = Debug|Any CPU
		{D76E28A5-E9A4-4810-82E0-101F2B0C45B0}.Debug|x86.ActiveCfg = Debug|Any CPU
		{D76E28A5-E9A4-4810-82E0-101F2B0C45B0}.Debug|x86.Build.0 = Debug|Any CPU
		{D76E28A5-E9A4-4810-82E0-101F2B0C45B0}.Release|Any CPU.ActiveCfg = Release|Any CPU
		{D76E28A5-E9A4-4810-82E0-101F2B0C45B0}.Release|Any CPU.Build.0 = Release|Any CPU
		{D76E28A5-E9A4-4810-82E0-101F2B0C45B0}.Release|ARM.ActiveCfg = Release|Any CPU
		{D76E28A5-E9A4-4810-82E0-101F2B0C45B0}.Release|ARM.Build.0 = Release|Any CPU
		{D76E28A5-E9A4-4810-82E0-101F2B0C45B0}.Release|x64.ActiveCfg = Release|Any CPU
		{D76E28A5-E9A4-4810-82E0-101F2B0C45B0}.Release|x64.Build.0 = Release|Any CPU
		{D76E28A5-E9A4-4810-82E0-101F2B0C45B0}.Release|x86.ActiveCfg = Release|Any CPU
		{D76E28A5-E9A4-4810-82E0-101F2B0C45B0}.Release|x86.Build.0 = Release|Any CPU
		{3438C884-06FE-4F94-A4DF-6DA024EB2B2D}.Debug|Any CPU.ActiveCfg = Debug|Any CPU
		{3438C884-06FE-4F94-A4DF-6DA024EB2B2D}.Debug|Any CPU.Build.0 = Debug|Any CPU
		{3438C884-06FE-4F94-A4DF-6DA024EB2B2D}.Debug|ARM.ActiveCfg = Debug|Any CPU
		{3438C884-06FE-4F94-A4DF-6DA024EB2B2D}.Debug|x64.ActiveCfg = Debug|Any CPU
		{3438C884-06FE-4F94-A4DF-6DA024EB2B2D}.Debug|x86.ActiveCfg = Debug|Any CPU
		{3438C884-06FE-4F94-A4DF-6DA024EB2B2D}.Release|Any CPU.ActiveCfg = Release|Any CPU
		{3438C884-06FE-4F94-A4DF-6DA024EB2B2D}.Release|Any CPU.Build.0 = Release|Any CPU
		{3438C884-06FE-4F94-A4DF-6DA024EB2B2D}.Release|ARM.ActiveCfg = Release|Any CPU
		{3438C884-06FE-4F94-A4DF-6DA024EB2B2D}.Release|x64.ActiveCfg = Release|Any CPU
		{3438C884-06FE-4F94-A4DF-6DA024EB2B2D}.Release|x86.ActiveCfg = Release|Any CPU
		{CF62B2C3-4A2C-4C3F-821F-0CB89DE6CF62}.Debug|Any CPU.ActiveCfg = Debug|Any CPU
		{CF62B2C3-4A2C-4C3F-821F-0CB89DE6CF62}.Debug|Any CPU.Build.0 = Debug|Any CPU
		{CF62B2C3-4A2C-4C3F-821F-0CB89DE6CF62}.Debug|ARM.ActiveCfg = Debug|Any CPU
		{CF62B2C3-4A2C-4C3F-821F-0CB89DE6CF62}.Debug|ARM.Build.0 = Debug|Any CPU
		{CF62B2C3-4A2C-4C3F-821F-0CB89DE6CF62}.Debug|x64.ActiveCfg = Debug|Any CPU
		{CF62B2C3-4A2C-4C3F-821F-0CB89DE6CF62}.Debug|x64.Build.0 = Debug|Any CPU
		{CF62B2C3-4A2C-4C3F-821F-0CB89DE6CF62}.Debug|x86.ActiveCfg = Debug|Any CPU
		{CF62B2C3-4A2C-4C3F-821F-0CB89DE6CF62}.Debug|x86.Build.0 = Debug|Any CPU
		{CF62B2C3-4A2C-4C3F-821F-0CB89DE6CF62}.Release|Any CPU.ActiveCfg = Release|Any CPU
		{CF62B2C3-4A2C-4C3F-821F-0CB89DE6CF62}.Release|Any CPU.Build.0 = Release|Any CPU
		{CF62B2C3-4A2C-4C3F-821F-0CB89DE6CF62}.Release|ARM.ActiveCfg = Release|Any CPU
		{CF62B2C3-4A2C-4C3F-821F-0CB89DE6CF62}.Release|ARM.Build.0 = Release|Any CPU
		{CF62B2C3-4A2C-4C3F-821F-0CB89DE6CF62}.Release|x64.ActiveCfg = Release|Any CPU
		{CF62B2C3-4A2C-4C3F-821F-0CB89DE6CF62}.Release|x64.Build.0 = Release|Any CPU
		{CF62B2C3-4A2C-4C3F-821F-0CB89DE6CF62}.Release|x86.ActiveCfg = Release|Any CPU
		{CF62B2C3-4A2C-4C3F-821F-0CB89DE6CF62}.Release|x86.Build.0 = Release|Any CPU
		{B6646429-8CD9-412E-937D-BD5862B80CB4}.Debug|Any CPU.ActiveCfg = Debug|Any CPU
		{B6646429-8CD9-412E-937D-BD5862B80CB4}.Debug|Any CPU.Build.0 = Debug|Any CPU
		{B6646429-8CD9-412E-937D-BD5862B80CB4}.Debug|ARM.ActiveCfg = Debug|Any CPU
		{B6646429-8CD9-412E-937D-BD5862B80CB4}.Debug|ARM.Build.0 = Debug|Any CPU
		{B6646429-8CD9-412E-937D-BD5862B80CB4}.Debug|x64.ActiveCfg = Debug|Any CPU
		{B6646429-8CD9-412E-937D-BD5862B80CB4}.Debug|x64.Build.0 = Debug|Any CPU
		{B6646429-8CD9-412E-937D-BD5862B80CB4}.Debug|x86.ActiveCfg = Debug|Any CPU
		{B6646429-8CD9-412E-937D-BD5862B80CB4}.Debug|x86.Build.0 = Debug|Any CPU
		{B6646429-8CD9-412E-937D-BD5862B80CB4}.Release|Any CPU.ActiveCfg = Release|Any CPU
		{B6646429-8CD9-412E-937D-BD5862B80CB4}.Release|Any CPU.Build.0 = Release|Any CPU
		{B6646429-8CD9-412E-937D-BD5862B80CB4}.Release|ARM.ActiveCfg = Release|Any CPU
		{B6646429-8CD9-412E-937D-BD5862B80CB4}.Release|ARM.Build.0 = Release|Any CPU
		{B6646429-8CD9-412E-937D-BD5862B80CB4}.Release|x64.ActiveCfg = Release|Any CPU
		{B6646429-8CD9-412E-937D-BD5862B80CB4}.Release|x64.Build.0 = Release|Any CPU
		{B6646429-8CD9-412E-937D-BD5862B80CB4}.Release|x86.ActiveCfg = Release|Any CPU
		{B6646429-8CD9-412E-937D-BD5862B80CB4}.Release|x86.Build.0 = Release|Any CPU
		{EB890C3A-311C-4140-B24C-863B9C8595A7}.Debug|Any CPU.ActiveCfg = Debug|Any CPU
		{EB890C3A-311C-4140-B24C-863B9C8595A7}.Debug|Any CPU.Build.0 = Debug|Any CPU
		{EB890C3A-311C-4140-B24C-863B9C8595A7}.Debug|ARM.ActiveCfg = Debug|Any CPU
		{EB890C3A-311C-4140-B24C-863B9C8595A7}.Debug|ARM.Build.0 = Debug|Any CPU
		{EB890C3A-311C-4140-B24C-863B9C8595A7}.Debug|x64.ActiveCfg = Debug|Any CPU
		{EB890C3A-311C-4140-B24C-863B9C8595A7}.Debug|x64.Build.0 = Debug|Any CPU
		{EB890C3A-311C-4140-B24C-863B9C8595A7}.Debug|x86.ActiveCfg = Debug|Any CPU
		{EB890C3A-311C-4140-B24C-863B9C8595A7}.Debug|x86.Build.0 = Debug|Any CPU
		{EB890C3A-311C-4140-B24C-863B9C8595A7}.Release|Any CPU.ActiveCfg = Release|Any CPU
		{EB890C3A-311C-4140-B24C-863B9C8595A7}.Release|Any CPU.Build.0 = Release|Any CPU
		{EB890C3A-311C-4140-B24C-863B9C8595A7}.Release|ARM.ActiveCfg = Release|Any CPU
		{EB890C3A-311C-4140-B24C-863B9C8595A7}.Release|ARM.Build.0 = Release|Any CPU
		{EB890C3A-311C-4140-B24C-863B9C8595A7}.Release|x64.ActiveCfg = Release|Any CPU
		{EB890C3A-311C-4140-B24C-863B9C8595A7}.Release|x64.Build.0 = Release|Any CPU
		{EB890C3A-311C-4140-B24C-863B9C8595A7}.Release|x86.ActiveCfg = Release|Any CPU
		{EB890C3A-311C-4140-B24C-863B9C8595A7}.Release|x86.Build.0 = Release|Any CPU
		{602FF1B8-DF8B-4CFF-88C6-8B34468C45AD}.Debug|Any CPU.ActiveCfg = Debug|Any CPU
		{602FF1B8-DF8B-4CFF-88C6-8B34468C45AD}.Debug|Any CPU.Build.0 = Debug|Any CPU
		{602FF1B8-DF8B-4CFF-88C6-8B34468C45AD}.Debug|ARM.ActiveCfg = Debug|Any CPU
		{602FF1B8-DF8B-4CFF-88C6-8B34468C45AD}.Debug|ARM.Build.0 = Debug|Any CPU
		{602FF1B8-DF8B-4CFF-88C6-8B34468C45AD}.Debug|x64.ActiveCfg = Debug|Any CPU
		{602FF1B8-DF8B-4CFF-88C6-8B34468C45AD}.Debug|x64.Build.0 = Debug|Any CPU
		{602FF1B8-DF8B-4CFF-88C6-8B34468C45AD}.Debug|x86.ActiveCfg = Debug|Any CPU
		{602FF1B8-DF8B-4CFF-88C6-8B34468C45AD}.Debug|x86.Build.0 = Debug|Any CPU
		{602FF1B8-DF8B-4CFF-88C6-8B34468C45AD}.Release|Any CPU.ActiveCfg = Release|Any CPU
		{602FF1B8-DF8B-4CFF-88C6-8B34468C45AD}.Release|Any CPU.Build.0 = Release|Any CPU
		{602FF1B8-DF8B-4CFF-88C6-8B34468C45AD}.Release|ARM.ActiveCfg = Release|Any CPU
		{602FF1B8-DF8B-4CFF-88C6-8B34468C45AD}.Release|ARM.Build.0 = Release|Any CPU
		{602FF1B8-DF8B-4CFF-88C6-8B34468C45AD}.Release|x64.ActiveCfg = Release|Any CPU
		{602FF1B8-DF8B-4CFF-88C6-8B34468C45AD}.Release|x64.Build.0 = Release|Any CPU
		{602FF1B8-DF8B-4CFF-88C6-8B34468C45AD}.Release|x86.ActiveCfg = Release|Any CPU
		{602FF1B8-DF8B-4CFF-88C6-8B34468C45AD}.Release|x86.Build.0 = Release|Any CPU
		{3CE48886-2A12-4DEB-874B-D2E3511A4F6A}.Debug|Any CPU.ActiveCfg = Debug|Any CPU
		{3CE48886-2A12-4DEB-874B-D2E3511A4F6A}.Debug|Any CPU.Build.0 = Debug|Any CPU
		{3CE48886-2A12-4DEB-874B-D2E3511A4F6A}.Debug|ARM.ActiveCfg = Debug|Any CPU
		{3CE48886-2A12-4DEB-874B-D2E3511A4F6A}.Debug|ARM.Build.0 = Debug|Any CPU
		{3CE48886-2A12-4DEB-874B-D2E3511A4F6A}.Debug|x64.ActiveCfg = Debug|Any CPU
		{3CE48886-2A12-4DEB-874B-D2E3511A4F6A}.Debug|x64.Build.0 = Debug|Any CPU
		{3CE48886-2A12-4DEB-874B-D2E3511A4F6A}.Debug|x86.ActiveCfg = Debug|Any CPU
		{3CE48886-2A12-4DEB-874B-D2E3511A4F6A}.Debug|x86.Build.0 = Debug|Any CPU
		{3CE48886-2A12-4DEB-874B-D2E3511A4F6A}.Release|Any CPU.ActiveCfg = Release|Any CPU
		{3CE48886-2A12-4DEB-874B-D2E3511A4F6A}.Release|Any CPU.Build.0 = Release|Any CPU
		{3CE48886-2A12-4DEB-874B-D2E3511A4F6A}.Release|ARM.ActiveCfg = Release|Any CPU
		{3CE48886-2A12-4DEB-874B-D2E3511A4F6A}.Release|ARM.Build.0 = Release|Any CPU
		{3CE48886-2A12-4DEB-874B-D2E3511A4F6A}.Release|x64.ActiveCfg = Release|Any CPU
		{3CE48886-2A12-4DEB-874B-D2E3511A4F6A}.Release|x64.Build.0 = Release|Any CPU
		{3CE48886-2A12-4DEB-874B-D2E3511A4F6A}.Release|x86.ActiveCfg = Release|Any CPU
		{3CE48886-2A12-4DEB-874B-D2E3511A4F6A}.Release|x86.Build.0 = Release|Any CPU
		{C907EB1B-1654-48E5-AEB2-AF8D968F1B93}.Debug|Any CPU.ActiveCfg = Debug|Any CPU
		{C907EB1B-1654-48E5-AEB2-AF8D968F1B93}.Debug|Any CPU.Build.0 = Debug|Any CPU
		{C907EB1B-1654-48E5-AEB2-AF8D968F1B93}.Debug|ARM.ActiveCfg = Debug|Any CPU
		{C907EB1B-1654-48E5-AEB2-AF8D968F1B93}.Debug|ARM.Build.0 = Debug|Any CPU
		{C907EB1B-1654-48E5-AEB2-AF8D968F1B93}.Debug|x64.ActiveCfg = Debug|Any CPU
		{C907EB1B-1654-48E5-AEB2-AF8D968F1B93}.Debug|x64.Build.0 = Debug|Any CPU
		{C907EB1B-1654-48E5-AEB2-AF8D968F1B93}.Debug|x86.ActiveCfg = Debug|Any CPU
		{C907EB1B-1654-48E5-AEB2-AF8D968F1B93}.Debug|x86.Build.0 = Debug|Any CPU
		{C907EB1B-1654-48E5-AEB2-AF8D968F1B93}.Release|Any CPU.ActiveCfg = Release|Any CPU
		{C907EB1B-1654-48E5-AEB2-AF8D968F1B93}.Release|Any CPU.Build.0 = Release|Any CPU
		{C907EB1B-1654-48E5-AEB2-AF8D968F1B93}.Release|ARM.ActiveCfg = Release|Any CPU
		{C907EB1B-1654-48E5-AEB2-AF8D968F1B93}.Release|ARM.Build.0 = Release|Any CPU
		{C907EB1B-1654-48E5-AEB2-AF8D968F1B93}.Release|x64.ActiveCfg = Release|Any CPU
		{C907EB1B-1654-48E5-AEB2-AF8D968F1B93}.Release|x64.Build.0 = Release|Any CPU
		{C907EB1B-1654-48E5-AEB2-AF8D968F1B93}.Release|x86.ActiveCfg = Release|Any CPU
		{C907EB1B-1654-48E5-AEB2-AF8D968F1B93}.Release|x86.Build.0 = Release|Any CPU
	EndGlobalSection
	GlobalSection(SolutionProperties) = preSolution
		HideSolutionNode = FALSE
	EndGlobalSection
	GlobalSection(NestedProjects) = preSolution
		{AA6B9D70-9314-43F8-A21D-773C814ED54E} = {5E724E70-EFFA-48E7-A539-F341E7E7CE30}
		{D76E28A5-E9A4-4810-82E0-101F2B0C45B0} = {1F66A59A-7F58-43B6-81FA-3EA5EB40C764}
		{3438C884-06FE-4F94-A4DF-6DA024EB2B2D} = {1F66A59A-7F58-43B6-81FA-3EA5EB40C764}
		{CF62B2C3-4A2C-4C3F-821F-0CB89DE6CF62} = {A5BC8AA0-5191-4B1D-845F-B4F0BD0287A4}
		{B6646429-8CD9-412E-937D-BD5862B80CB4} = {1F66A59A-7F58-43B6-81FA-3EA5EB40C764}
		{EB890C3A-311C-4140-B24C-863B9C8595A7} = {1F66A59A-7F58-43B6-81FA-3EA5EB40C764}
		{602FF1B8-DF8B-4CFF-88C6-8B34468C45AD} = {A5BC8AA0-5191-4B1D-845F-B4F0BD0287A4}
		{3CE48886-2A12-4DEB-874B-D2E3511A4F6A} = {1F66A59A-7F58-43B6-81FA-3EA5EB40C764}
		{C907EB1B-1654-48E5-AEB2-AF8D968F1B93} = {5E724E70-EFFA-48E7-A539-F341E7E7CE30}
	EndGlobalSection
	GlobalSection(ExtensibilityGlobals) = postSolution
		SolutionGuid = {0A399E0B-4EE0-45A0-A463-3CC6C1E00A96}
	EndGlobalSection
EndGlobal
